# This file is automatically @generated by Cargo.
# It is not intended for manual editing.
version = 4

[[package]]
name = "direct"
version = "0.1.0"

[[package]]
name = "host"
version = "0.1.0"
dependencies = [
 "direct",
 "middle-kit",
]

[[package]]
name = "middle-kit"
version = "0.1.0"
dependencies = [
 "some-pkg",
 "transitive",
]

[[package]]
name = "some-pkg"
version = "0.1.0"

[[package]]
name = "transitive"
version = "0.1.0"
