# This file is automatically @generated by Cargo.
# It is not intended for manual editing.
version = 3

[[package]]
name = "inner-pkg"
version = "0.1.0"

[[package]]
name = "inner-variant"
version = "0.1.0"

[[package]]
name = "wrapper-kit"
version = "0.1.0"
dependencies = [
 "inner-pkg",
]

[[package]]
name = "wrapper-variant"
version = "0.1.0"
dependencies = [
 "inner-variant",
 "wrapper-kit",
]
