# This file is automatically @generated by Cargo.
# It is not intended for manual editing.
version = 3

[[package]]
name = "core-kit"
version = "0.1.0"
dependencies = [
 "pkg-a",
]

[[package]]
name = "extra-1-kit"
version = "0.1.0"
dependencies = [
 "pkg-b",
 "pkg-d",
]

[[package]]
name = "extra-2-kit"
version = "0.1.0"
dependencies = [
 "pkg-c",
]

[[package]]
name = "pkg-a"
version = "0.1.0"

[[package]]
name = "pkg-b"
version = "0.1.0"
dependencies = [
 "core-kit",
]

[[package]]
name = "pkg-c"
version = "0.1.0"
dependencies = [
 "core-kit",
]

[[package]]
name = "pkg-d"
version = "0.1.0"
dependencies = [
 "core-kit",
]
