# This file is automatically @generated by Cargo.
# It is not intended for manual editing.
version = 3

[[package]]
name = "hello-agent"
version = "0.1.0"

[[package]]
name = "hello-go"
version = "0.1.0"

[[package]]
name = "hello-ootb"
version = "0.1.0"
dependencies = [
 "hello-agent",
 "hello-go",
]
