# This file is automatically @generated by Cargo.
# It is not intended for manual editing.
version = 3

[[package]]
name = "core-kit"
version = "0.1.0"
dependencies = [
 "pkg-a-1_27",
]

[[package]]
name = "extra-1-kit"
version = "0.1.0"
dependencies = [
 "core-kit",
 "pkg-b",
 "pkg-d",
]

[[package]]
name = "extra-2-kit"
version = "0.1.0"
dependencies = [
 "core-kit",
 "pkg-c",
]

[[package]]
name = "extra-3-kit"
version = "0.1.0"
dependencies = [
 "extra-1-kit",
 "extra-2-kit",
 "pkg-e",
 "pkg-g",
]

[[package]]
name = "hello-ootb"
version = "0.1.0"
dependencies = [
 "extra-3-kit",
]

[[package]]
name = "pkg-a-1_27"
version = "0.1.0"

[[package]]
name = "pkg-b"
version = "0.1.0"
dependencies = [
 "core-kit",
]

[[package]]
name = "pkg-c"
version = "0.1.0"
dependencies = [
 "core-kit",
]

[[package]]
name = "pkg-d"
version = "0.1.0"
dependencies = [
 "core-kit",
]

[[package]]
name = "pkg-e"
version = "0.1.0"
dependencies = [
 "extra-1-kit",
 "extra-2-kit",
]

[[package]]
name = "pkg-f"
version = "0.1.0"
dependencies = [
 "core-kit",
]

[[package]]
name = "pkg-g"
version = "0.1.0"
dependencies = [
 "core-kit",
 "pkg-f",
]
